
Microsoft Visual Studio Solution File, Format Version 12.00
# Visual Studio Version 17
VisualStudioVersion = 17.14.36804.6 d17.14
MinimumVisualStudioVersion = 10.0.40219.1
Project("{FAE04EC0-301F-11D3-BF4B-00C04F79EFBC}") = "Graph", "Graph\Graph.csproj", "{9EC0B586-8306-4C51-BC88-6959E7123358}"
EndProject
Global
	GlobalSection(SolutionConfigurationPlatforms) = preSolution
		Debug|Any CPU = Debug|Any CPU
		Release|Any CPU = Release|Any CPU
	EndGlobalSection
	GlobalSection(ProjectConfigurationPlatforms) = postSolution
		{9EC0B586-8306-4C51-BC88-6959E7123358}.Debug|Any CPU.ActiveCfg = Debug|Any CPU
		{9EC0B586-8306-4C51-BC88-6959E7123358}.Debug|Any CPU.Build.0 = Debug|Any CPU
		{9EC0B586-8306-4C51-BC88-6959E7123358}.Release|Any CPU.ActiveCfg = Release|Any CPU
		{9EC0B586-8306-4C51-BC88-6959E7123358}.Release|Any CPU.Build.0 = Release|Any CPU
	EndGlobalSection
	GlobalSection(SolutionProperties) = preSolution
		HideSolutionNode = FALSE
	EndGlobalSection
	GlobalSection(ExtensibilityGlobals) = postSolution
		SolutionGuid = {82A7C468-F927-40EB-85DC-317112742627}
	EndGlobalSection
EndGlobal
